// !$*UTF8*$!
{
	archiveVersion = 1;
	classes = {
	};
	objectVersion = 56;
	objects = {

/* Begin PBXBuildFile section */
		4F4B7B7FF38D200C4F58D604 /* Pods_GrowUpTests.framework in Frameworks */ = {isa = PBXBuildFile; fileRef = 20FE0ABD74F73594185B378A /* Pods_GrowUpTests.framework */; };
		7AF12BC86639492F7570965A /* Pods_GrowUp.framework in Frameworks */ = {isa = PBXBuildFile; fileRef = C4D8BCD6A338B883ADC0D983 /* Pods_GrowUp.framework */; };
		F4594181C2B114A1D2DB109E /* Pods_GrowUp_GrowUpUITests.framework in Frameworks */ = {isa = PBXBuildFile; fileRef = F2A32B309A5E0B0624EA667A /* Pods_GrowUp_GrowUpUITests.framework */; };
		FC3FBFF22A53E5FF001DBFFD /* GrowUpApp.swift in Sources */ = {isa = PBXBuildFile; fileRef = FC3FBFF12A53E5FF001DBFFD /* GrowUpApp.swift */; };
		FC3FBFF42A53E5FF001DBFFD /* ContentView.swift in Sources */ = {isa = PBXBuildFile; fileRef = FC3FBFF32A53E5FF001DBFFD /* ContentView.swift */; };
		FC3FBFF62A53E600001DBFFD /* Assets.xcassets in Resources */ = {isa = PBXBuildFile; fileRef = FC3FBFF52A53E600001DBFFD /* Assets.xcassets */; };
		FC3FBFF92A53E600001DBFFD /* Preview Assets.xcassets in Resources */ = {isa = PBXBuildFile; fileRef = FC3FBFF82A53E600001DBFFD /* Preview Assets.xcassets */; };
		FC3FC0032A53E600001DBFFD /* GrowUpTests.swift in Sources */ = {isa = PBXBuildFile; fileRef = FC3FC0022A53E600001DBFFD /* GrowUpTests.swift */; };
		FC3FC00D2A53E600001DBFFD /* GrowUpUITests.swift in Sources */ = {isa = PBXBuildFile; fileRef = FC3FC00C2A53E600001DBFFD /* GrowUpUITests.swift */; };
		FC3FC00F2A53E600001DBFFD /* GrowUpUITestsLaunchTests.swift in Sources */ = {isa = PBXBuildFile; fileRef = FC3FC00E2A53E600001DBFFD /* GrowUpUITestsLaunchTests.swift */; };
		FC6D5FE92A562203003E1D0C /* GoogleService-Info.plist in Resources */ = {isa = PBXBuildFile; fileRef = FC6D5FE82A562202003E1D0C /* GoogleService-Info.plist */; };
/* End PBXBuildFile section */

/* Begin PBXContainerItemProxy section */
		FC3FBFFF2A53E600001DBFFD /* PBXContainerItemProxy */ = {
			isa = PBXContainerItemProxy;
			containerPortal = FC3FBFE62A53E5FF001DBFFD /* Project object */;
			proxyType = 1;
			remoteGlobalIDString = FC3FBFED2A53E5FF001DBFFD;
			remoteInfo = GrowUp;
		};
		FC3FC0092A53E600001DBFFD /* PBXContainerItemProxy */ = {
			isa = PBXContainerItemProxy;
			containerPortal = FC3FBFE62A53E5FF001DBFFD /* Project object */;
			proxyType = 1;
			remoteGlobalIDString = FC3FBFED2A53E5FF001DBFFD;
			remoteInfo = GrowUp;
		};
/* End PBXContainerItemProxy section */

/* Begin PBXFileReference section */
		15A740C37863D57D413D2B74 /* Pods-GrowUpTests.debug.xcconfig */ = {isa = PBXFileReference; includeInIndex = 1; lastKnownFileType = text.xcconfig; name = "Pods-GrowUpTests.debug.xcconfig"; path = "Target Support Files/Pods-GrowUpTests/Pods-GrowUpTests.debug.xcconfig"; sourceTree = "<group>"; };
		181DCE2097AEAE8417001F7E /* Pods-GrowUp-GrowUpUITests.debug.xcconfig */ = {isa = PBXFileReference; includeInIndex = 1; lastKnownFileType = text.xcconfig; name = "Pods-GrowUp-GrowUpUITests.debug.xcconfig"; path = "Target Support Files/Pods-GrowUp-GrowUpUITests/Pods-GrowUp-GrowUpUITests.debug.xcconfig"; sourceTree = "<group>"; };
		20FE0ABD74F73594185B378A /* Pods_GrowUpTests.framework */ = {isa = PBXFileReference; explicitFileType = wrapper.framework; includeInIndex = 0; path = Pods_GrowUpTests.framework; sourceTree = BUILT_PRODUCTS_DIR; };
		6D8D3B6851040CEFD6B148F6 /* Pods-GrowUp.release.xcconfig */ = {isa = PBXFileReference; includeInIndex = 1; lastKnownFileType = text.xcconfig; name = "Pods-GrowUp.release.xcconfig"; path = "Target Support Files/Pods-GrowUp/Pods-GrowUp.release.xcconfig"; sourceTree = "<group>"; };
		A1487566708E8DC3AFCC9765 /* Pods-GrowUp.debug.xcconfig */ = {isa = PBXFileReference; includeInIndex = 1; lastKnownFileType = text.xcconfig; name = "Pods-GrowUp.debug.xcconfig"; path = "Target Support Files/Pods-GrowUp/Pods-GrowUp.debug.xcconfig"; sourceTree = "<group>"; };
		C4D8BCD6A338B883ADC0D983 /* Pods_GrowUp.framework */ = {isa = PBXFileReference; explicitFileType = wrapper.framework; includeInIndex = 0; path = Pods_GrowUp.framework; sourceTree = BUILT_PRODUCTS_DIR; };
		C9B36691C3FC01FE6998A3D9 /* Pods-GrowUpTests.release.xcconfig */ = {isa = PBXFileReference; includeInIndex = 1; lastKnownFileType = text.xcconfig; name = "Pods-GrowUpTests.release.xcconfig"; path = "Target Support Files/Pods-GrowUpTests/Pods-GrowUpTests.release.xcconfig"; sourceTree = "<group>"; };
		DA6B2992F5053DD478907C73 /* Pods-GrowUp-GrowUpUITests.release.xcconfig */ = {isa = PBXFileReference; includeInIndex = 1; lastKnownFileType = text.xcconfig; name = "Pods-GrowUp-GrowUpUITests.release.xcconfig"; path = "Target Support Files/Pods-GrowUp-GrowUpUITests/Pods-GrowUp-GrowUpUITests.release.xcconfig"; sourceTree = "<group>"; };
		F2A32B309A5E0B0624EA667A /* Pods_GrowUp_GrowUpUITests.framework */ = {isa = PBXFileReference; explicitFileType = wrapper.framework; includeInIndex = 0; path = Pods_GrowUp_GrowUpUITests.framework; sourceTree = BUILT_PRODUCTS_DIR; };
		FC3FBFEE2A53E5FF001DBFFD /* GrowUp.app */ = {isa = PBXFileReference; explicitFileType = wrapper.application; includeInIndex = 0; path = GrowUp.app; sourceTree = BUILT_PRODUCTS_DIR; };
		FC3FBFF12A53E5FF001DBFFD /* GrowUpApp.swift */ = {isa = PBXFileReference; lastKnownFileType = sourcecode.swift; path = GrowUpApp.swift; sourceTree = "<group>"; };
		FC3FBFF32A53E5FF001DBFFD /* ContentView.swift */ = {isa = PBXFileReference; lastKnownFileType = sourcecode.swift; path = ContentView.swift; sourceTree = "<group>"; };
		FC3FBFF52A53E600001DBFFD /* Assets.xcassets */ = {isa = PBXFileReference; lastKnownFileType = folder.assetcatalog; path = Assets.xcassets; sourceTree = "<group>"; };
		FC3FBFF82A53E600001DBFFD /* Preview Assets.xcassets */ = {isa = PBXFileReference; lastKnownFileType = folder.assetcatalog; path = "Preview Assets.xcassets"; sourceTree = "<group>"; };
		FC3FBFFE2A53E600001DBFFD /* GrowUpTests.xctest */ = {isa = PBXFileReference; explicitFileType = wrapper.cfbundle; includeInIndex = 0; path = GrowUpTests.xctest; sourceTree = BUILT_PRODUCTS_DIR; };
		FC3FC0022A53E600001DBFFD /* GrowUpTests.swift */ = {isa = PBXFileReference; lastKnownFileType = sourcecode.swift; path = GrowUpTests.swift; sourceTree = "<group>"; };
		FC3FC0082A53E600001DBFFD /* GrowUpUITests.xctest */ = {isa = PBXFileReference; explicitFileType = wrapper.cfbundle; includeInIndex = 0; path = GrowUpUITests.xctest; sourceTree = BUILT_PRODUCTS_DIR; };
		FC3FC00C2A53E600001DBFFD /* GrowUpUITests.swift */ = {isa = PBXFileReference; lastKnownFileType = sourcecode.swift; path = GrowUpUITests.swift; sourceTree = "<group>"; };
		FC3FC00E2A53E600001DBFFD /* GrowUpUITestsLaunchTests.swift */ = {isa = PBXFileReference; lastKnownFileType = sourcecode.swift; path = GrowUpUITestsLaunchTests.swift; sourceTree = "<group>"; };
		FC6D5FE82A562202003E1D0C /* GoogleService-Info.plist */ = {isa = PBXFileReference; fileEncoding = 4; lastKnownFileType = text.plist.xml; path = "GoogleService-Info.plist"; sourceTree = "<group>"; };
/* End PBXFileReference section */

/* Begin PBXFrameworksBuildPhase section */
		FC3FBFEB2A53E5FF001DBFFD /* Frameworks */ = {
			isa = PBXFrameworksBuildPhase;
			buildActionMask = 2147483647;
			files = (
				7AF12BC86639492F7570965A /* Pods_GrowUp.framework in Frameworks */,
			);
			runOnlyForDeploymentPostprocessing = 0;
		};
		FC3FBFFB2A53E600001DBFFD /* Frameworks */ = {
			isa = PBXFrameworksBuildPhase;
			buildActionMask = 2147483647;
			files = (
				4F4B7B7FF38D200C4F58D604 /* Pods_GrowUpTests.framework in Frameworks */,
			);
			runOnlyForDeploymentPostprocessing = 0;
		};
		FC3FC0052A53E600001DBFFD /* Frameworks */ = {
			isa = PBXFrameworksBuildPhase;
			buildActionMask = 2147483647;
			files = (
				F4594181C2B114A1D2DB109E /* Pods_GrowUp_GrowUpUITests.framework in Frameworks */,
			);
			runOnlyForDeploymentPostprocessing = 0;
		};
/* End PBXFrameworksBuildPhase section */

/* Begin PBXGroup section */
		72EA2C8F5B1A7B6299B6240A /* Pods */ = {
			isa = PBXGroup;
			children = (
				A1487566708E8DC3AFCC9765 /* Pods-GrowUp.debug.xcconfig */,
				6D8D3B6851040CEFD6B148F6 /* Pods-GrowUp.release.xcconfig */,
				181DCE2097AEAE8417001F7E /* Pods-GrowUp-GrowUpUITests.debug.xcconfig */,
				DA6B2992F5053DD478907C73 /* Pods-GrowUp-GrowUpUITests.release.xcconfig */,
				15A740C37863D57D413D2B74 /* Pods-GrowUpTests.debug.xcconfig */,
				C9B36691C3FC01FE6998A3D9 /* Pods-GrowUpTests.release.xcconfig */,
			);
			path = Pods;
			sourceTree = "<group>";
		};
		C99AD1C3FC5B37C7EB6E12A9 /* Frameworks */ = {
			isa = PBXGroup;
			children = (
				C4D8BCD6A338B883ADC0D983 /* Pods_GrowUp.framework */,
				F2A32B309A5E0B0624EA667A /* Pods_GrowUp_GrowUpUITests.framework */,
				20FE0ABD74F73594185B378A /* Pods_GrowUpTests.framework */,
			);
			name = Frameworks;
			sourceTree = "<group>";
		};
		FC3FBFE52A53E5FF001DBFFD = {
			isa = PBXGroup;
			children = (
				FC3FBFF02A53E5FF001DBFFD /* GrowUp */,
				FC3FC0012A53E600001DBFFD /* GrowUpTests */,
				FC3FC00B2A53E600001DBFFD /* GrowUpUITests */,
				FC3FBFEF2A53E5FF001DBFFD /* Products */,
				72EA2C8F5B1A7B6299B6240A /* Pods */,
				C99AD1C3FC5B37C7EB6E12A9 /* Frameworks */,
			);
			sourceTree = "<group>";
		};
		FC3FBFEF2A53E5FF001DBFFD /* Products */ = {
			isa = PBXGroup;
			children = (
				FC3FBFEE2A53E5FF001DBFFD /* GrowUp.app */,
				FC3FBFFE2A53E600001DBFFD /* GrowUpTests.xctest */,
				FC3FC0082A53E600001DBFFD /* GrowUpUITests.xctest */,
			);
			name = Products;
			sourceTree = "<group>";
		};
		FC3FBFF02A53E5FF001DBFFD /* GrowUp */ = {
			isa = PBXGroup;
			children = (
				FC6D5FE82A562202003E1D0C /* GoogleService-Info.plist */,
				FC3FBFF12A53E5FF001DBFFD /* GrowUpApp.swift */,
				FC3FBFF32A53E5FF001DBFFD /* ContentView.swift */,
				FC3FBFF52A53E600001DBFFD /* Assets.xcassets */,
				FC3FBFF72A53E600001DBFFD /* Preview Content */,
			);
			path = GrowUp;
			sourceTree = "<group>";
		};
		FC3FBFF72A53E600001DBFFD /* Preview Content */ = {
			isa = PBXGroup;
			children = (
				FC3FBFF82A53E600001DBFFD /* Preview Assets.xcassets */,
			);
			path = "Preview Content";
			sourceTree = "<group>";
		};
		FC3FC0012A53E600001DBFFD /* GrowUpTests */ = {
			isa = PBXGroup;
			children = (
				FC3FC0022A53E600001DBFFD /* GrowUpTests.swift */,
			);
			path = GrowUpTests;
			sourceTree = "<group>";
		};
		FC3FC00B2A53E600001DBFFD /* GrowUpUITests */ = {
			isa = PBXGroup;
			children = (
				FC3FC00C2A53E600001DBFFD /* GrowUpUITests.swift */,
				FC3FC00E2A53E600001DBFFD /* GrowUpUITestsLaunchTests.swift */,
			);
			path = GrowUpUITests;
			sourceTree = "<group>";
		};
/* End PBXGroup section */

/* Begin PBXNativeTarget section */
		FC3FBFED2A53E5FF001DBFFD /* GrowUp */ = {
			isa = PBXNativeTarget;
			buildConfigurationList = FC3FC0122A53E600001DBFFD /* Build configuration list for PBXNativeTarget "GrowUp" */;
			buildPhases = (
				2E780AE486BAC5C3F700444F /* [CP] Check Pods Manifest.lock */,
				FC3FBFEA2A53E5FF001DBFFD /* Sources */,
				FC3FBFEB2A53E5FF001DBFFD /* Frameworks */,
				FC3FBFEC2A53E5FF001DBFFD /* Resources */,
				E7890EEC3BD86BCBD551B300 /* [CP] Embed Pods Frameworks */,
			);
			buildRules = (
			);
			dependencies = (
			);
			name = GrowUp;
			productName = GrowUp;
			productReference = FC3FBFEE2A53E5FF001DBFFD /* GrowUp.app */;
			productType = "com.apple.product-type.application";
		};
		FC3FBFFD2A53E600001DBFFD /* GrowUpTests */ = {
			isa = PBXNativeTarget;
			buildConfigurationList = FC3FC0152A53E600001DBFFD /* Build configuration list for PBXNativeTarget "GrowUpTests" */;
			buildPhases = (
				A4CE18658CB8435A584ED70C /* [CP] Check Pods Manifest.lock */,
				FC3FBFFA2A53E600001DBFFD /* Sources */,
				FC3FBFFB2A53E600001DBFFD /* Frameworks */,
				FC3FBFFC2A53E600001DBFFD /* Resources */,
			);
			buildRules = (
			);
			dependencies = (
				FC3FC0002A53E600001DBFFD /* PBXTargetDependency */,
			);
			name = GrowUpTests;
			productName = GrowUpTests;
			productReference = FC3FBFFE2A53E600001DBFFD /* GrowUpTests.xctest */;
			productType = "com.apple.product-type.bundle.unit-test";
		};
		FC3FC0072A53E600001DBFFD /* GrowUpUITests */ = {
			isa = PBXNativeTarget;
			buildConfigurationList = FC3FC0182A53E600001DBFFD /* Build configuration list for PBXNativeTarget "GrowUpUITests" */;
			buildPhases = (
				0E83939E4BD7AC663908DFA8 /* [CP] Check Pods Manifest.lock */,
				FC3FC0042A53E600001DBFFD /* Sources */,
				FC3FC0052A53E600001DBFFD /* Frameworks */,
				FC3FC0062A53E600001DBFFD /* Resources */,
				2AC12ACFDAE02F67BDB25B61 /* [CP] Embed Pods Frameworks */,
			);
			buildRules = (
			);
			dependencies = (
				FC3FC00A2A53E600001DBFFD /* PBXTargetDependency */,
			);
			name = GrowUpUITests;
			productName = GrowUpUITests;
			productReference = FC3FC0082A53E600001DBFFD /* GrowUpUITests.xctest */;
			productType = "com.apple.product-type.bundle.ui-testing";
		};
/* End PBXNativeTarget section */

/* Begin PBXProject section */
		FC3FBFE62A53E5FF001DBFFD /* Project object */ = {
			isa = PBXProject;
			attributes = {
				BuildIndependentTargetsInParallel = 1;
				LastSwiftUpdateCheck = 1420;
				LastUpgradeCheck = 1420;
				TargetAttributes = {
					FC3FBFED2A53E5FF001DBFFD = {
						CreatedOnToolsVersion = 14.2;
					};
					FC3FBFFD2A53E600001DBFFD = {
						CreatedOnToolsVersion = 14.2;
						TestTargetID = FC3FBFED2A53E5FF001DBFFD;
					};
					FC3FC0072A53E600001DBFFD = {
						CreatedOnToolsVersion = 14.2;
						TestTargetID = FC3FBFED2A53E5FF001DBFFD;
					};
				};
			};
			buildConfigurationList = FC3FBFE92A53E5FF001DBFFD /* Build configuration list for PBXProject "GrowUp" */;
			compatibilityVersion = "Xcode 14.0";
			developmentRegion = en;
			hasScannedForEncodings = 0;
			knownRegions = (
				en,
				Base,
			);
			mainGroup = FC3FBFE52A53E5FF001DBFFD;
			productRefGroup = FC3FBFEF2A53E5FF001DBFFD /* Products */;
			projectDirPath = "";
			projectRoot = "";
			targets = (
				FC3FBFED2A53E5FF001DBFFD /* GrowUp */,
				FC3FBFFD2A53E600001DBFFD /* GrowUpTests */,
				FC3FC0072A53E600001DBFFD /* GrowUpUITests */,
			);
		};
/* End PBXProject section */

/* Begin PBXResourcesBuildPhase section */
		FC3FBFEC2A53E5FF001DBFFD /* Resources */ = {
			isa = PBXResourcesBuildPhase;
			buildActionMask = 2147483647;
			files = (
				FC3FBFF92A53E600001DBFFD /* Preview Assets.xcassets in Resources */,
				FC3FBFF62A53E600001DBFFD /* Assets.xcassets in Resources */,
				FC6D5FE92A562203003E1D0C /* GoogleService-Info.plist in Resources */,
			);
			runOnlyForDeploymentPostprocessing = 0;
		};
		FC3FBFFC2A53E600001DBFFD /* Resources */ = {
			isa = PBXResourcesBuildPhase;
			buildActionMask = 2147483647;
			files = (
			);
			runOnlyForDeploymentPostprocessing = 0;
		};
		FC3FC0062A53E600001DBFFD /* Resources */ = {
			isa = PBXResourcesBuildPhase;
			buildActionMask = 2147483647;
			files = (
			);
			runOnlyForDeploymentPostprocessing = 0;
		};
/* End PBXResourcesBuildPhase section */

/* Begin PBXShellScriptBuildPhase section */
		0E83939E4BD7AC663908DFA8 /* [CP] Check Pods Manifest.lock */ = {
			isa = PBXShellScriptBuildPhase;
			buildActionMask = 2147483647;
			files = (
			);
			inputFileListPaths = (
			);
			inputPaths = (
				"${PODS_PODFILE_DIR_PATH}/Podfile.lock",
				"${PODS_ROOT}/Manifest.lock",
			);
			name = "[CP] Check Pods Manifest.lock";
			outputFileListPaths = (
			);
			outputPaths = (
				"$(DERIVED_FILE_DIR)/Pods-GrowUp-GrowUpUITests-checkManifestLockResult.txt",
			);
			runOnlyForDeploymentPostprocessing = 0;
			shellPath = /bin/sh;
			shellScript = "diff \"${PODS_PODFILE_DIR_PATH}/Podfile.lock\" \"${PODS_ROOT}/Manifest.lock\" > /dev/null\nif [ $? != 0 ] ; then\n    # print error to STDERR\n    echo \"error: The sandbox is not in sync with the Podfile.lock. Run 'pod install' or update your CocoaPods installation.\" >&2\n    exit 1\nfi\n# This output is used by Xcode 'outputs' to avoid re-running this script phase.\necho \"SUCCESS\" > \"${SCRIPT_OUTPUT_FILE_0}\"\n";
			showEnvVarsInLog = 0;
		};
		2AC12ACFDAE02F67BDB25B61 /* [CP] Embed Pods Frameworks */ = {
			isa = PBXShellScriptBuildPhase;
			buildActionMask = 2147483647;
			files = (
			);
			inputFileListPaths = (
				"${PODS_ROOT}/Target Support Files/Pods-GrowUp-GrowUpUITests/Pods-GrowUp-GrowUpUITests-frameworks-${CONFIGURATION}-input-files.xcfilelist",
			);
			name = "[CP] Embed Pods Frameworks";
			outputFileListPaths = (
				"${PODS_ROOT}/Target Support Files/Pods-GrowUp-GrowUpUITests/Pods-GrowUp-GrowUpUITests-frameworks-${CONFIGURATION}-output-files.xcfilelist",
			);
			runOnlyForDeploymentPostprocessing = 0;
			shellPath = /bin/sh;
			shellScript = "\"${PODS_ROOT}/Target Support Files/Pods-GrowUp-GrowUpUITests/Pods-GrowUp-GrowUpUITests-frameworks.sh\"\n";
			showEnvVarsInLog = 0;
		};
		2E780AE486BAC5C3F700444F /* [CP] Check Pods Manifest.lock */ = {
			isa = PBXShellScriptBuildPhase;
			buildActionMask = 2147483647;
			files = (
			);
			inputFileListPaths = (
			);
			inputPaths = (
				"${PODS_PODFILE_DIR_PATH}/Podfile.lock",
				"${PODS_ROOT}/Manifest.lock",
			);
			name = "[CP] Check Pods Manifest.lock";
			outputFileListPaths = (
			);
			outputPaths = (
				"$(DERIVED_FILE_DIR)/Pods-GrowUp-checkManifestLockResult.txt",
			);
			runOnlyForDeploymentPostprocessing = 0;
			shellPath = /bin/sh;
			shellScript = "diff \"${PODS_PODFILE_DIR_PATH}/Podfile.lock\" \"${PODS_ROOT}/Manifest.lock\" > /dev/null\nif [ $? != 0 ] ; then\n    # print error to STDERR\n    echo \"error: The sandbox is not in sync with the Podfile.lock. Run 'pod install' or update your CocoaPods installation.\" >&2\n    exit 1\nfi\n# This output is used by Xcode 'outputs' to avoid re-running this script phase.\necho \"SUCCESS\" > \"${SCRIPT_OUTPUT_FILE_0}\"\n";
			showEnvVarsInLog = 0;
		};
		A4CE18658CB8435A584ED70C /* [CP] Check Pods Manifest.lock */ = {
			isa = PBXShellScriptBuildPhase;
			buildActionMask = 2147483647;
			files = (
			);
			inputFileListPaths = (
			);
			inputPaths = (
				"${PODS_PODFILE_DIR_PATH}/Podfile.lock",
				"${PODS_ROOT}/Manifest.lock",
			);
			name = "[CP] Check Pods Manifest.lock";
			outputFileListPaths = (
			);
			outputPaths = (
				"$(DERIVED_FILE_DIR)/Pods-GrowUpTests-checkManifestLockResult.txt",
			);
			runOnlyForDeploymentPostprocessing = 0;
			shellPath = /bin/sh;
			shellScript = "diff \"${PODS_PODFILE_DIR_PATH}/Podfile.lock\" \"${PODS_ROOT}/Manifest.lock\" > /dev/null\nif [ $? != 0 ] ; then\n    # print error to STDERR\n    echo \"error: The sandbox is not in sync with the Podfile.lock. Run 'pod install' or update your CocoaPods installation.\" >&2\n    exit 1\nfi\n# This output is used by Xcode 'outputs' to avoid re-running this script phase.\necho \"SUCCESS\" > \"${SCRIPT_OUTPUT_FILE_0}\"\n";
			showEnvVarsInLog = 0;
		};
		E7890EEC3BD86BCBD551B300 /* [CP] Embed Pods Frameworks */ = {
			isa = PBXShellScriptBuildPhase;
			buildActionMask = 2147483647;
			files = (
			);
			inputFileListPaths = (
				"${PODS_ROOT}/Target Support Files/Pods-GrowUp/Pods-GrowUp-frameworks-${CONFIGURATION}-input-files.xcfilelist",
			);
			name = "[CP] Embed Pods Frameworks";
			outputFileListPaths = (
				"${PODS_ROOT}/Target Support Files/Pods-GrowUp/Pods-GrowUp-frameworks-${CONFIGURATION}-output-files.xcfilelist",
			);
			runOnlyForDeploymentPostprocessing = 0;
			shellPath = /bin/sh;
			shellScript = "\"${PODS_ROOT}/Target Support Files/Pods-GrowUp/Pods-GrowUp-frameworks.sh\"\n";
			showEnvVarsInLog = 0;
		};
/* End PBXShellScriptBuildPhase section */

/* Begin PBXSourcesBuildPhase section */
		FC3FBFEA2A53E5FF001DBFFD /* Sources */ = {
			isa = PBXSourcesBuildPhase;
			buildActionMask = 2147483647;
			files = (
				FC3FBFF42A53E5FF001DBFFD /* ContentView.swift in Sources */,
				FC3FBFF22A53E5FF001DBFFD /* GrowUpApp.swift in Sources */,
			);
			runOnlyForDeploymentPostprocessing = 0;
		};
		FC3FBFFA2A53E600001DBFFD /* Sources */ = {
			isa = PBXSourcesBuildPhase;
			buildActionMask = 2147483647;
			files = (
				FC3FC0032A53E600001DBFFD /* GrowUpTests.swift in Sources */,
			);
			runOnlyForDeploymentPostprocessing = 0;
		};
		FC3FC0042A53E600001DBFFD /* Sources */ = {
			isa = PBXSourcesBuildPhase;
			buildActionMask = 2147483647;
			files = (
				FC3FC00F2A53E600001DBFFD /* GrowUpUITestsLaunchTests.swift in Sources */,
				FC3FC00D2A53E600001DBFFD /* GrowUpUITests.swift in Sources */,
			);
			runOnlyForDeploymentPostprocessing = 0;
		};
/* End PBXSourcesBuildPhase section */

/* Begin PBXTargetDependency section */
		FC3FC0002A53E600001DBFFD /* PBXTargetDependency */ = {
			isa = PBXTargetDependency;
			target = FC3FBFED2A53E5FF001DBFFD /* GrowUp */;
			targetProxy = FC3FBFFF2A53E600001DBFFD /* PBXContainerItemProxy */;
		};
		FC3FC00A2A53E600001DBFFD /* PBXTargetDependency */ = {
			isa = PBXTargetDependency;
			target = FC3FBFED2A53E5FF001DBFFD /* GrowUp */;
			targetProxy = FC3FC0092A53E600001DBFFD /* PBXContainerItemProxy */;
		};
/* End PBXTargetDependency section */

/* Begin XCBuildConfiguration section */
		FC3FC0102A53E600001DBFFD /* Debug */ = {
			isa = XCBuildConfiguration;
			buildSettings = {
				ALWAYS_SEARCH_USER_PATHS = NO;
				CLANG_ANALYZER_NONNULL = YES;
				CLANG_ANALYZER_NUMBER_OBJECT_CONVERSION = YES_AGGRESSIVE;
				CLANG_CXX_LANGUAGE_STANDARD = "gnu++20";
				CLANG_ENABLE_MODULES = YES;
				CLANG_ENABLE_OBJC_ARC = YES;
				CLANG_ENABLE_OBJC_WEAK = YES;
				CLANG_WARN_BLOCK_CAPTURE_AUTORELEASING = YES;
				CLANG_WARN_BOOL_CONVERSION = YES;
				CLANG_WARN_COMMA = YES;
				CLANG_WARN_CONSTANT_CONVERSION = YES;
				CLANG_WARN_DEPRECATED_OBJC_IMPLEMENTATIONS = YES;
				CLANG_WARN_DIRECT_OBJC_ISA_USAGE = YES_ERROR;
				CLANG_WARN_DOCUMENTATION_COMMENTS = YES;
				CLANG_WARN_EMPTY_BODY = YES;
				CLANG_WARN_ENUM_CONVERSION = YES;
				CLANG_WARN_INFINITE_RECURSION = YES;
				CLANG_WARN_INT_CONVERSION = YES;
				CLANG_WARN_NON_LITERAL_NULL_CONVERSION = YES;
				CLANG_WARN_OBJC_IMPLICIT_RETAIN_SELF = YES;
				CLANG_WARN_OBJC_LITERAL_CONVERSION = YES;
				CLANG_WARN_OBJC_ROOT_CLASS = YES_ERROR;
				CLANG_WARN_QUOTED_INCLUDE_IN_FRAMEWORK_HEADER = YES;
				CLANG_WARN_RANGE_LOOP_ANALYSIS = YES;
				CLANG_WARN_STRICT_PROTOTYPES = YES;
				CLANG_WARN_SUSPICIOUS_MOVE = YES;
				CLANG_WARN_UNGUARDED_AVAILABILITY = YES_AGGRESSIVE;
				CLANG_WARN_UNREACHABLE_CODE = YES;
				CLANG_WARN__DUPLICATE_METHOD_MATCH = YES;
				COPY_PHASE_STRIP = NO;
				DEBUG_INFORMATION_FORMAT = dwarf;
				ENABLE_STRICT_OBJC_MSGSEND = YES;
				ENABLE_TESTABILITY = YES;
				GCC_C_LANGUAGE_STANDARD = gnu11;
				GCC_DYNAMIC_NO_PIC = NO;
				GCC_NO_COMMON_BLOCKS = YES;
				GCC_OPTIMIZATION_LEVEL = 0;
				GCC_PREPROCESSOR_DEFINITIONS = (
					"DEBUG=1",
					"$(inherited)",
				);
				GCC_WARN_64_TO_32_BIT_CONVERSION = YES;
				GCC_WARN_ABOUT_RETURN_TYPE = YES_ERROR;
				GCC_WARN_UNDECLARED_SELECTOR = YES;
				GCC_WARN_UNINITIALIZED_AUTOS = YES_AGGRESSIVE;
				GCC_WARN_UNUSED_FUNCTION = YES;
				GCC_WARN_UNUSED_VARIABLE = YES;
				IPHONEOS_DEPLOYMENT_TARGET = 16.2;
				MTL_ENABLE_DEBUG_INFO = INCLUDE_SOURCE;
				MTL_FAST_MATH = YES;
				ONLY_ACTIVE_ARCH = YES;
				SDKROOT = iphoneos;
				SWIFT_ACTIVE_COMPILATION_CONDITIONS = DEBUG;
				SWIFT_OPTIMIZATION_LEVEL = "-Onone";
			};
			name = Debug;
		};
		FC3FC0112A53E600001DBFFD /* Release */ = {
			isa = XCBuildConfiguration;
			buildSettings = {
				ALWAYS_SEARCH_USER_PATHS = NO;
				CLANG_ANALYZER_NONNULL = YES;
				CLANG_ANALYZER_NUMBER_OBJECT_CONVERSION = YES_AGGRESSIVE;
				CLANG_CXX_LANGUAGE_STANDARD = "gnu++20";
				CLANG_ENABLE_MODULES = YES;
				CLANG_ENABLE_OBJC_ARC = YES;
				CLANG_ENABLE_OBJC_WEAK = YES;
				CLANG_WARN_BLOCK_CAPTURE_AUTORELEASING = YES;
				CLANG_WARN_BOOL_CONVERSION = YES;
				CLANG_WARN_COMMA = YES;
				CLANG_WARN_CONSTANT_CONVERSION = YES;
				CLANG_WARN_DEPRECATED_OBJC_IMPLEMENTATIONS = YES;
				CLANG_WARN_DIRECT_OBJC_ISA_USAGE = YES_ERROR;
				CLANG_WARN_DOCUMENTATION_COMMENTS = YES;
				CLANG_WARN_EMPTY_BODY = YES;
				CLANG_WARN_ENUM_CONVERSION = YES;
				CLANG_WARN_INFINITE_RECURSION = YES;
				CLANG_WARN_INT_CONVERSION = YES;
				CLANG_WARN_NON_LITERAL_NULL_CONVERSION = YES;
				CLANG_WARN_OBJC_IMPLICIT_RETAIN_SELF = YES;
				CLANG_WARN_OBJC_LITERAL_CONVERSION = YES;
				CLANG_WARN_OBJC_ROOT_CLASS = YES_ERROR;
				CLANG_WARN_QUOTED_INCLUDE_IN_FRAMEWORK_HEADER = YES;
				CLANG_WARN_RANGE_LOOP_ANALYSIS = YES;
				CLANG_WARN_STRICT_PROTOTYPES = YES;
				CLANG_WARN_SUSPICIOUS_MOVE = YES;
				CLANG_WARN_UNGUARDED_AVAILABILITY = YES_AGGRESSIVE;
				CLANG_WARN_UNREACHABLE_CODE = YES;
				CLANG_WARN__DUPLICATE_METHOD_MATCH = YES;
				COPY_PHASE_STRIP = NO;
				DEBUG_INFORMATION_FORMAT = "dwarf-with-dsym";
				ENABLE_NS_ASSERTIONS = NO;
				ENABLE_STRICT_OBJC_MSGSEND = YES;
				GCC_C_LANGUAGE_STANDARD = gnu11;
				GCC_NO_COMMON_BLOCKS = YES;
				GCC_WARN_64_TO_32_BIT_CONVERSION = YES;
				GCC_WARN_ABOUT_RETURN_TYPE = YES_ERROR;
				GCC_WARN_UNDECLARED_SELECTOR = YES;
				GCC_WARN_UNINITIALIZED_AUTOS = YES_AGGRESSIVE;
				GCC_WARN_UNUSED_FUNCTION = YES;
				GCC_WARN_UNUSED_VARIABLE = YES;
				IPHONEOS_DEPLOYMENT_TARGET = 16.2;
				MTL_ENABLE_DEBUG_INFO = NO;
				MTL_FAST_MATH = YES;
				SDKROOT = iphoneos;
				SWIFT_COMPILATION_MODE = wholemodule;
				SWIFT_OPTIMIZATION_LEVEL = "-O";
				VALIDATE_PRODUCT = YES;
			};
			name = Release;
		};
		FC3FC0132A53E600001DBFFD /* Debug */ = {
			isa = XCBuildConfiguration;
			baseConfigurationReference = A1487566708E8DC3AFCC9765 /* Pods-GrowUp.debug.xcconfig */;
			buildSettings = {
				ASSETCATALOG_COMPILER_APPICON_NAME = AppIcon;
				ASSETCATALOG_COMPILER_GLOBAL_ACCENT_COLOR_NAME = AccentColor;
				CODE_SIGN_STYLE = Automatic;
				CURRENT_PROJECT_VERSION = 1;
				DEVELOPMENT_ASSET_PATHS = "\"GrowUp/Preview Content\"";
				DEVELOPMENT_TEAM = 2GZ2322ZL4;
				ENABLE_PREVIEWS = YES;
				GENERATE_INFOPLIST_FILE = YES;
				INFOPLIST_KEY_UIApplicationSceneManifest_Generation = YES;
				INFOPLIST_KEY_UIApplicationSupportsIndirectInputEvents = YES;
				INFOPLIST_KEY_UILaunchScreen_Generation = YES;
				INFOPLIST_KEY_UISupportedInterfaceOrientations_iPad = "UIInterfaceOrientationPortrait UIInterfaceOrientationPortraitUpsideDown UIInterfaceOrientationLandscapeLeft UIInterfaceOrientationLandscapeRight";
				INFOPLIST_KEY_UISupportedInterfaceOrientations_iPhone = "UIInterfaceOrientationPortrait UIInterfaceOrientationLandscapeLeft UIInterfaceOrientationLandscapeRight";
				LD_RUNPATH_SEARCH_PATHS = (
					"$(inherited)",
					"@executable_path/Frameworks",
				);
				MARKETING_VERSION = 1.0;
				PRODUCT_BUNDLE_IDENTIFIER = org.test.GrowUp;
				PRODUCT_NAME = "$(TARGET_NAME)";
				SWIFT_EMIT_LOC_STRINGS = YES;
				SWIFT_VERSION = 5.0;
				TARGETED_DEVICE_FAMILY = "1,2";
			};
			name = Debug;
		};
		FC3FC0142A53E600001DBFFD /* Release */ = {
			isa = XCBuildConfiguration;
			baseConfigurationReference = 6D8D3B6851040CEFD6B148F6 /* Pods-GrowUp.release.xcconfig */;
			buildSettings = {
				ASSETCATALOG_COMPILER_APPICON_NAME = AppIcon;
				ASSETCATALOG_COMPILER_GLOBAL_ACCENT_COLOR_NAME = AccentColor;
				CODE_SIGN_STYLE = Automatic;
				CURRENT_PROJECT_VERSION = 1;
				DEVELOPMENT_ASSET_PATHS = "\"GrowUp/Preview Content\"";
				DEVELOPMENT_TEAM = 2GZ2322ZL4;
				ENABLE_PREVIEWS = YES;
				GENERATE_INFOPLIST_FILE = YES;
				INFOPLIST_KEY_UIApplicationSceneManifest_Generation = YES;
				INFOPLIST_KEY_UIApplicationSupportsIndirectInputEvents = YES;
				INFOPLIST_KEY_UILaunchScreen_Generation = YES;
				INFOPLIST_KEY_UISupportedInterfaceOrientations_iPad = "UIInterfaceOrientationPortrait UIInterfaceOrientationPortraitUpsideDown UIInterfaceOrientationLandscapeLeft UIInterfaceOrientationLandscapeRight";
				INFOPLIST_KEY_UISupportedInterfaceOrientations_iPhone = "UIInterfaceOrientationPortrait UIInterfaceOrientationLandscapeLeft UIInterfaceOrientationLandscapeRight";
				LD_RUNPATH_SEARCH_PATHS = (
					"$(inherited)",
					"@executable_path/Frameworks",
				);
				MARKETING_VERSION = 1.0;
				PRODUCT_BUNDLE_IDENTIFIER = org.test.GrowUp;
				PRODUCT_NAME = "$(TARGET_NAME)";
				SWIFT_EMIT_LOC_STRINGS = YES;
				SWIFT_VERSION = 5.0;
				TARGETED_DEVICE_FAMILY = "1,2";
			};
			name = Release;
		};
		FC3FC0162A53E600001DBFFD /* Debug */ = {
			isa = XCBuildConfiguration;
			baseConfigurationReference = 15A740C37863D57D413D2B74 /* Pods-GrowUpTests.debug.xcconfig */;
			buildSettings = {
				ALWAYS_EMBED_SWIFT_STANDARD_LIBRARIES = YES;
				BUNDLE_LOADER = "$(TEST_HOST)";
				CODE_SIGN_STYLE = Automatic;
				CURRENT_PROJECT_VERSION = 1;
				DEVELOPMENT_TEAM = 2GZ2322ZL4;
				GENERATE_INFOPLIST_FILE = YES;
				IPHONEOS_DEPLOYMENT_TARGET = 16.2;
				MARKETING_VERSION = 1.0;
				PRODUCT_BUNDLE_IDENTIFIER = org.test.GrowUpTests;
				PRODUCT_NAME = "$(TARGET_NAME)";
				SWIFT_EMIT_LOC_STRINGS = NO;
				SWIFT_VERSION = 5.0;
				TARGETED_DEVICE_FAMILY = "1,2";
				TEST_HOST = "$(BUILT_PRODUCTS_DIR)/GrowUp.app/$(BUNDLE_EXECUTABLE_FOLDER_PATH)/GrowUp";
			};
			name = Debug;
		};
		FC3FC0172A53E600001DBFFD /* Release */ = {
			isa = XCBuildConfiguration;
			baseConfigurationReference = C9B36691C3FC01FE6998A3D9 /* Pods-GrowUpTests.release.xcconfig */;
			buildSettings = {
				ALWAYS_EMBED_SWIFT_STANDARD_LIBRARIES = YES;
				BUNDLE_LOADER = "$(TEST_HOST)";
				CODE_SIGN_STYLE = Automatic;
				CURRENT_PROJECT_VERSION = 1;
				DEVELOPMENT_TEAM = 2GZ2322ZL4;
				GENERATE_INFOPLIST_FILE = YES;
				IPHONEOS_DEPLOYMENT_TARGET = 16.2;
				MARKETING_VERSION = 1.0;
				PRODUCT_BUNDLE_IDENTIFIER = org.test.GrowUpTests;
				PRODUCT_NAME = "$(TARGET_NAME)";
				SWIFT_EMIT_LOC_STRINGS = NO;
				SWIFT_VERSION = 5.0;
				TARGETED_DEVICE_FAMILY = "1,2";
				TEST_HOST = "$(BUILT_PRODUCTS_DIR)/GrowUp.app/$(BUNDLE_EXECUTABLE_FOLDER_PATH)/GrowUp";
			};
			name = Release;
		};
		FC3FC0192A53E600001DBFFD /* Debug */ = {
			isa = XCBuildConfiguration;
			baseConfigurationReference = 181DCE2097AEAE8417001F7E /* Pods-GrowUp-GrowUpUITests.debug.xcconfig */;
			buildSettings = {
				ALWAYS_EMBED_SWIFT_STANDARD_LIBRARIES = YES;
				CODE_SIGN_STYLE = Automatic;
				CURRENT_PROJECT_VERSION = 1;
				DEVELOPMENT_TEAM = 2GZ2322ZL4;
				GENERATE_INFOPLIST_FILE = YES;
				MARKETING_VERSION = 1.0;
				PRODUCT_BUNDLE_IDENTIFIER = org.test.GrowUpUITests;
				PRODUCT_NAME = "$(TARGET_NAME)";
				SWIFT_EMIT_LOC_STRINGS = NO;
				SWIFT_VERSION = 5.0;
				TARGETED_DEVICE_FAMILY = "1,2";
				TEST_TARGET_NAME = GrowUp;
			};
			name = Debug;
		};
		FC3FC01A2A53E600001DBFFD /* Release */ = {
			isa = XCBuildConfiguration;
			baseConfigurationReference = DA6B2992F5053DD478907C73 /* Pods-GrowUp-GrowUpUITests.release.xcconfig */;
			buildSettings = {
				ALWAYS_EMBED_SWIFT_STANDARD_LIBRARIES = YES;
				CODE_SIGN_STYLE = Automatic;
				CURRENT_PROJECT_VERSION = 1;
				DEVELOPMENT_TEAM = 2GZ2322ZL4;
				GENERATE_INFOPLIST_FILE = YES;
				MARKETING_VERSION = 1.0;
				PRODUCT_BUNDLE_IDENTIFIER = org.test.GrowUpUITests;
				PRODUCT_NAME = "$(TARGET_NAME)";
				SWIFT_EMIT_LOC_STRINGS = NO;
				SWIFT_VERSION = 5.0;
				TARGETED_DEVICE_FAMILY = "1,2";
				TEST_TARGET_NAME = GrowUp;
			};
			name = Release;
		};
/* End XCBuildConfiguration section */

/* Begin XCConfigurationList section */
		FC3FBFE92A53E5FF001DBFFD /* Build configuration list for PBXProject "GrowUp" */ = {
			isa = XCConfigurationList;
			buildConfigurations = (
				FC3FC0102A53E600001DBFFD /* Debug */,
				FC3FC0112A53E600001DBFFD /* Release */,
			);
			defaultConfigurationIsVisible = 0;
			defaultConfigurationName = Release;
		};
		FC3FC0122A53E600001DBFFD /* Build configuration list for PBXNativeTarget "GrowUp" */ = {
			isa = XCConfigurationList;
			buildConfigurations = (
				FC3FC0132A53E600001DBFFD /* Debug */,
				FC3FC0142A53E600001DBFFD /* Release */,
			);
			defaultConfigurationIsVisible = 0;
			defaultConfigurationName = Release;
		};
		FC3FC0152A53E600001DBFFD /* Build configuration list for PBXNativeTarget "GrowUpTests" */ = {
			isa = XCConfigurationList;
			buildConfigurations = (
				FC3FC0162A53E600001DBFFD /* Debug */,
				FC3FC0172A53E600001DBFFD /* Release */,
			);
			defaultConfigurationIsVisible = 0;
			defaultConfigurationName = Release;
		};
		FC3FC0182A53E600001DBFFD /* Build configuration list for PBXNativeTarget "GrowUpUITests" */ = {
			isa = XCConfigurationList;
			buildConfigurations = (
				FC3FC0192A53E600001DBFFD /* Debug */,
				FC3FC01A2A53E600001DBFFD /* Release */,
			);
			defaultConfigurationIsVisible = 0;
			defaultConfigurationName = Release;
		};
/* End XCConfigurationList section */
	};
	rootObject = FC3FBFE62A53E5FF001DBFFD /* Project object */;
}
